
Microsoft Visual Studio Solution File, Format Version 12.00
# Visual Studio Version 16
VisualStudioVersion = 16.0.31829.152
MinimumVisualStudioVersion = 10.0.40219.1
Project("{FAE04EC0-301F-11D3-BF4B-00C04F79EFBC}") = "Rectangle", "Rectangle.csproj", "{C64B3AD0-86FB-44E9-95C4-D1916164A8ED}"
EndProject
Global
	GlobalSection(SolutionConfigurationPlatforms) = preSolution
		Debug|Any CPU = Debug|Any CPU
		Release|Any CPU = Release|Any CPU
	EndGlobalSection
	GlobalSection(ProjectConfigurationPlatforms) = postSolution
		{C64B3AD0-86FB-44E9-95C4-D1916164A8ED}.Debug|Any CPU.ActiveCfg = Debug|Any CPU
		{C64B3AD0-86FB-44E9-95C4-D1916164A8ED}.Debug|Any CPU.Build.0 = Debug|Any CPU
		{C64B3AD0-86FB-44E9-95C4-D1916164A8ED}.Release|Any CPU.ActiveCfg = Release|Any CPU
		{C64B3AD0-86FB-44E9-95C4-D1916164A8ED}.Release|Any CPU.Build.0 = Release|Any CPU
	EndGlobalSection
	GlobalSection(SolutionProperties) = preSolution
		HideSolutionNode = FALSE
	EndGlobalSection
	GlobalSection(ExtensibilityGlobals) = postSolution
		SolutionGuid = {24035BE2-0CD2-4BFD-A939-B4DB75EA9C7F}
	EndGlobalSection
EndGlobal
